
Microsoft Visual Studio Solution File, Format Version 12.00
# Visual Studio Version 17
VisualStudioVersion = 17.8.34525.116
MinimumVisualStudioVersion = 10.0.40219.1
Project("{9A19103F-16F7-4668-BE54-9A1E7A4F7556}") = "WorkAround", "WorkAround\WorkAround.csproj", "{55DF3C3D-EC19-4F95-A1E6-9AC312E9AFDB}"
EndProject
Project("{FAE04EC0-301F-11D3-BF4B-00C04F79EFBC}") = "Entities", "Entities\Entities.csproj", "{90AA8EA7-AE02-4758-B6BD-CEC8F5742031}"
EndProject
Project("{FAE04EC0-301F-11D3-BF4B-00C04F79EFBC}") = "Business", "Business\Business.csproj", "{FB75350A-C84A-4808-BE99-3A7A7A394A60}"
EndProject
Global
	GlobalSection(SolutionConfigurationPlatforms) = preSolution
		Debug|Any CPU = Debug|Any CPU
		Release|Any CPU = Release|Any CPU
	EndGlobalSection
	GlobalSection(ProjectConfigurationPlatforms) = postSolution
		{55DF3C3D-EC19-4F95-A1E6-9AC312E9AFDB}.Debug|Any CPU.ActiveCfg = Debug|Any CPU
		{55DF3C3D-EC19-4F95-A1E6-9AC312E9AFDB}.Debug|Any CPU.Build.0 = Debug|Any CPU
		{55DF3C3D-EC19-4F95-A1E6-9AC312E9AFDB}.Release|Any CPU.ActiveCfg = Release|Any CPU
		{55DF3C3D-EC19-4F95-A1E6-9AC312E9AFDB}.Release|Any CPU.Build.0 = Release|Any CPU
		{90AA8EA7-AE02-4758-B6BD-CEC8F5742031}.Debug|Any CPU.ActiveCfg = Debug|Any CPU
		{90AA8EA7-AE02-4758-B6BD-CEC8F5742031}.Debug|Any CPU.Build.0 = Debug|Any CPU
		{90AA8EA7-AE02-4758-B6BD-CEC8F5742031}.Release|Any CPU.ActiveCfg = Release|Any CPU
		{90AA8EA7-AE02-4758-B6BD-CEC8F5742031}.Release|Any CPU.Build.0 = Release|Any CPU
		{FB75350A-C84A-4808-BE99-3A7A7A394A60}.Debug|Any CPU.ActiveCfg = Debug|Any CPU
		{FB75350A-C84A-4808-BE99-3A7A7A394A60}.Debug|Any CPU.Build.0 = Debug|Any CPU
		{FB75350A-C84A-4808-BE99-3A7A7A394A60}.Release|Any CPU.ActiveCfg = Release|Any CPU
		{FB75350A-C84A-4808-BE99-3A7A7A394A60}.Release|Any CPU.Build.0 = Release|Any CPU
	EndGlobalSection
	GlobalSection(SolutionProperties) = preSolution
		HideSolutionNode = FALSE
	EndGlobalSection
	GlobalSection(ExtensibilityGlobals) = postSolution
		SolutionGuid = {515181CC-B34B-45B8-8061-7743D78BDB53}
	EndGlobalSection
EndGlobal
